
Microsoft Visual Studio Solution File, Format Version 12.00
# Visual Studio 15
VisualStudioVersion = 15.0.28307.1321
MinimumVisualStudioVersion = 10.0.40219.1
Project("{FAE04EC0-301F-11D3-BF4B-00C04F79EFBC}") = "SustavZaPreporukuMobitela", "SustavZaPreporukuMobitela\SustavZaPreporukuMobitela.csproj", "{76D772DA-DE4C-4747-9F51-798108A8F235}"
EndProject
Global
	GlobalSection(SolutionConfigurationPlatforms) = preSolution
		Debug|Any CPU = Debug|Any CPU
		Release|Any CPU = Release|Any CPU
	EndGlobalSection
	GlobalSection(ProjectConfigurationPlatforms) = postSolution
		{76D772DA-DE4C-4747-9F51-798108A8F235}.Debug|Any CPU.ActiveCfg = Debug|Any CPU
		{76D772DA-DE4C-4747-9F51-798108A8F235}.Debug|Any CPU.Build.0 = Debug|Any CPU
		{76D772DA-DE4C-4747-9F51-798108A8F235}.Release|Any CPU.ActiveCfg = Release|Any CPU
		{76D772DA-DE4C-4747-9F51-798108A8F235}.Release|Any CPU.Build.0 = Release|Any CPU
	EndGlobalSection
	GlobalSection(SolutionProperties) = preSolution
		HideSolutionNode = FALSE
	EndGlobalSection
	GlobalSection(ExtensibilityGlobals) = postSolution
		SolutionGuid = {DF6A8FF1-26D8-4058-8140-B2AC4ADFC76A}
	EndGlobalSection
EndGlobal
